{
  "originHash" : "f7b29afd796c864b7000e6072ba5ad23e68cc8c8f4bb9b85542b6577a998d567",
  "pins" : [
    {
      "identity" : "streamdeckplugin",
      "kind" : "remoteSourceControl",
      "location" : "https://github.com/deverman/StreamDeckPlugin.git",
      "state" : {
        "revision" : "4ab9413d360a8a8657172914c4f98ba3f86743f3"
      }
    },
    {
      "identity" : "swift-argument-parser",
      "kind" : "remoteSourceControl",
      "location" : "https://github.com/apple/swift-argument-parser.git",
      "state" : {
        "revision" : "c5d11a805e765f52ba34ec7284bd4fcd6ba68615",
        "version" : "1.7.0"
      }
    },
    {
      "identity" : "swift-syntax",
      "kind" : "remoteSourceControl",
      "location" : "https://github.com/swiftlang/swift-syntax.git",
      "state" : {
        "revision" : "f99ae8aa18f0cf0d53481901f88a0991dc3bd4a2",
        "version" : "601.0.1"
      }
    }
  ],
  "version" : 3
}
